// !$*UTF8*$!
{
	archiveVersion = 1;
	classes = {
	};
	objectVersion = 46;
	objects = {

/* Begin PBXBuildFile section */
		449487A31ED67F5200E140F8 /* main.m in Sources */ = {isa = PBXBuildFile; fileRef = 449487A21ED67F5200E140F8 /* main.m */; };
		449487A61ED67F5200E140F8 /* AppDelegate.m in Sources */ = {isa = PBXBuildFile; fileRef = 449487A51ED67F5200E140F8 /* AppDelegate.m */; };
		449487A91ED67F5200E140F8 /* ViewController.m in Sources */ = {isa = PBXBuildFile; fileRef = 449487A81ED67F5200E140F8 /* ViewController.m */; };
		449487AC1ED67F5200E140F8 /* Main.storyboard in Resources */ = {isa = PBXBuildFile; fileRef = 449487AA1ED67F5200E140F8 /* Main.storyboard */; };
		449487AE1ED67F5200E140F8 /* Assets.xcassets in Resources */ = {isa = PBXBuildFile; fileRef = 449487AD1ED67F5200E140F8 /* Assets.xcassets */; };
		449487B11ED67F5200E140F8 /* LaunchScreen.storyboard in Resources */ = {isa = PBXBuildFile; fileRef = 449487AF1ED67F5200E140F8 /* LaunchScreen.storyboard */; };
		449487BC1ED67F5300E140F8 /* GIFDemoTests.m in Sources */ = {isa = PBXBuildFile; fileRef = 449487BB1ED67F5300E140F8 /* GIFDemoTests.m */; };
		449487C71ED67F5300E140F8 /* GIFDemoUITests.m in Sources */ = {isa = PBXBuildFile; fileRef = 449487C61ED67F5300E140F8 /* GIFDemoUITests.m */; };
		449487D61ED67FF200E140F8 /* ImageIO.framework in Frameworks */ = {isa = PBXBuildFile; fileRef = 449487D51ED67FF200E140F8 /* ImageIO.framework */; };
		449487D81ED6800900E140F8 /* MobileCoreServices.framework in Frameworks */ = {isa = PBXBuildFile; fileRef = 449487D71ED6800900E140F8 /* MobileCoreServices.framework */; };
		449487E01ED68B1400E140F8 /* clock01.png in Resources */ = {isa = PBXBuildFile; fileRef = 449487DA1ED68B1400E140F8 /* clock01.png */; };
		449487E11ED68B1400E140F8 /* clock02.png in Resources */ = {isa = PBXBuildFile; fileRef = 449487DB1ED68B1400E140F8 /* clock02.png */; };
		449487E21ED68B1400E140F8 /* clock03.png in Resources */ = {isa = PBXBuildFile; fileRef = 449487DC1ED68B1400E140F8 /* clock03.png */; };
		449487E31ED68B1400E140F8 /* clock04.png in Resources */ = {isa = PBXBuildFile; fileRef = 449487DD1ED68B1400E140F8 /* clock04.png */; };
		449487E41ED68B1400E140F8 /* clock05.png in Resources */ = {isa = PBXBuildFile; fileRef = 449487DE1ED68B1400E140F8 /* clock05.png */; };
		449487E51ED68B1400E140F8 /* clock06.png in Resources */ = {isa = PBXBuildFile; fileRef = 449487DF1ED68B1400E140F8 /* clock06.png */; };
		449487E81ED68D0A00E140F8 /* UIImage+GIF.m in Sources */ = {isa = PBXBuildFile; fileRef = 449487E71ED68D0A00E140F8 /* UIImage+GIF.m */; };
		449487EB1ED6A5A700E140F8 /* GifView.m in Sources */ = {isa = PBXBuildFile; fileRef = 449487EA1ED6A5A700E140F8 /* GifView.m */; };
		449487F01ED6CC1A00E140F8 /* NSGIF.m in Sources */ = {isa = PBXBuildFile; fileRef = 449487EE1ED6CC1A00E140F8 /* NSGIF.m */; };
		449487F11ED6CC1A00E140F8 /* video.mp4 in Resources */ = {isa = PBXBuildFile; fileRef = 449487EF1ED6CC1A00E140F8 /* video.mp4 */; };
/* End PBXBuildFile section */

/* Begin PBXContainerItemProxy section */
		449487B81ED67F5300E140F8 /* PBXContainerItemProxy */ = {
			isa = PBXContainerItemProxy;
			containerPortal = 449487961ED67F5200E140F8 /* Project object */;
			proxyType = 1;
			remoteGlobalIDString = 4494879D1ED67F5200E140F8;
			remoteInfo = GIFDemo;
		};
		449487C31ED67F5300E140F8 /* PBXContainerItemProxy */ = {
			isa = PBXContainerItemProxy;
			containerPortal = 449487961ED67F5200E140F8 /* Project object */;
			proxyType = 1;
			remoteGlobalIDString = 4494879D1ED67F5200E140F8;
			remoteInfo = GIFDemo;
		};
/* End PBXContainerItemProxy section */

/* Begin PBXFileReference section */
		4494879E1ED67F5200E140F8 /* GIFDemo.app */ = {isa = PBXFileReference; explicitFileType = wrapper.application; includeInIndex = 0; path = GIFDemo.app; sourceTree = BUILT_PRODUCTS_DIR; };
		449487A21ED67F5200E140F8 /* main.m */ = {isa = PBXFileReference; lastKnownFileType = sourcecode.c.objc; path = main.m; sourceTree = "<group>"; };
		449487A41ED67F5200E140F8 /* AppDelegate.h */ = {isa = PBXFileReference; lastKnownFileType = sourcecode.c.h; path = AppDelegate.h; sourceTree = "<group>"; };
		449487A51ED67F5200E140F8 /* AppDelegate.m */ = {isa = PBXFileReference; lastKnownFileType = sourcecode.c.objc; path = AppDelegate.m; sourceTree = "<group>"; };
		449487A71ED67F5200E140F8 /* ViewController.h */ = {isa = PBXFileReference; lastKnownFileType = sourcecode.c.h; path = ViewController.h; sourceTree = "<group>"; };
		449487A81ED67F5200E140F8 /* ViewController.m */ = {isa = PBXFileReference; lastKnownFileType = sourcecode.c.objc; path = ViewController.m; sourceTree = "<group>"; };
		449487AB1ED67F5200E140F8 /* Base */ = {isa = PBXFileReference; lastKnownFileType = file.storyboard; name = Base; path = Base.lproj/Main.storyboard; sourceTree = "<group>"; };
		449487AD1ED67F5200E140F8 /* Assets.xcassets */ = {isa = PBXFileReference; lastKnownFileType = folder.assetcatalog; path = Assets.xcassets; sourceTree = "<group>"; };
		449487B01ED67F5200E140F8 /* Base */ = {isa = PBXFileReference; lastKnownFileType = file.storyboard; name = Base; path = Base.lproj/LaunchScreen.storyboard; sourceTree = "<group>"; };
		449487B21ED67F5200E140F8 /* Info.plist */ = {isa = PBXFileReference; lastKnownFileType = text.plist.xml; path = Info.plist; sourceTree = "<group>"; };
		449487B71ED67F5300E140F8 /* GIFDemoTests.xctest */ = {isa = PBXFileReference; explicitFileType = wrapper.cfbundle; includeInIndex = 0; path = GIFDemoTests.xctest; sourceTree = BUILT_PRODUCTS_DIR; };
		449487BB1ED67F5300E140F8 /* GIFDemoTests.m */ = {isa = PBXFileReference; lastKnownFileType = sourcecode.c.objc; path = GIFDemoTests.m; sourceTree = "<group>"; };
		449487BD1ED67F5300E140F8 /* Info.plist */ = {isa = PBXFileReference; lastKnownFileType = text.plist.xml; path = Info.plist; sourceTree = "<group>"; };
		449487C21ED67F5300E140F8 /* GIFDemoUITests.xctest */ = {isa = PBXFileReference; explicitFileType = wrapper.cfbundle; includeInIndex = 0; path = GIFDemoUITests.xctest; sourceTree = BUILT_PRODUCTS_DIR; };
		449487C61ED67F5300E140F8 /* GIFDemoUITests.m */ = {isa = PBXFileReference; lastKnownFileType = sourcecode.c.objc; path = GIFDemoUITests.m; sourceTree = "<group>"; };
		449487C81ED67F5300E140F8 /* Info.plist */ = {isa = PBXFileReference; lastKnownFileType = text.plist.xml; path = Info.plist; sourceTree = "<group>"; };
		449487D51ED67FF200E140F8 /* ImageIO.framework */ = {isa = PBXFileReference; lastKnownFileType = wrapper.framework; name = ImageIO.framework; path = System/Library/Frameworks/ImageIO.framework; sourceTree = SDKROOT; };
		449487D71ED6800900E140F8 /* MobileCoreServices.framework */ = {isa = PBXFileReference; lastKnownFileType = wrapper.framework; name = MobileCoreServices.framework; path = System/Library/Frameworks/MobileCoreServices.framework; sourceTree = SDKROOT; };
		449487DA1ED68B1400E140F8 /* clock01.png */ = {isa = PBXFileReference; lastKnownFileType = image.png; path = clock01.png; sourceTree = "<group>"; };
		449487DB1ED68B1400E140F8 /* clock02.png */ = {isa = PBXFileReference; lastKnownFileType = image.png; path = clock02.png; sourceTree = "<group>"; };
		449487DC1ED68B1400E140F8 /* clock03.png */ = {isa = PBXFileReference; lastKnownFileType = image.png; path = clock03.png; sourceTree = "<group>"; };
		449487DD1ED68B1400E140F8 /* clock04.png */ = {isa = PBXFileReference; lastKnownFileType = image.png; path = clock04.png; sourceTree = "<group>"; };
		449487DE1ED68B1400E140F8 /* clock05.png */ = {isa = PBXFileReference; lastKnownFileType = image.png; path = clock05.png; sourceTree = "<group>"; };
		449487DF1ED68B1400E140F8 /* clock06.png */ = {isa = PBXFileReference; lastKnownFileType = image.png; path = clock06.png; sourceTree = "<group>"; };
		449487E61ED68D0A00E140F8 /* UIImage+GIF.h */ = {isa = PBXFileReference; fileEncoding = 4; lastKnownFileType = sourcecode.c.h; path = "UIImage+GIF.h"; sourceTree = "<group>"; };
		449487E71ED68D0A00E140F8 /* UIImage+GIF.m */ = {isa = PBXFileReference; fileEncoding = 4; lastKnownFileType = sourcecode.c.objc; path = "UIImage+GIF.m"; sourceTree = "<group>"; };
		449487E91ED6A5A700E140F8 /* GifView.h */ = {isa = PBXFileReference; fileEncoding = 4; lastKnownFileType = sourcecode.c.h; path = GifView.h; sourceTree = "<group>"; };
		449487EA1ED6A5A700E140F8 /* GifView.m */ = {isa = PBXFileReference; fileEncoding = 4; lastKnownFileType = sourcecode.c.objc; path = GifView.m; sourceTree = "<group>"; };
		449487ED1ED6CC1A00E140F8 /* NSGIF.h */ = {isa = PBXFileReference; fileEncoding = 4; lastKnownFileType = sourcecode.c.h; path = NSGIF.h; sourceTree = "<group>"; };
		449487EE1ED6CC1A00E140F8 /* NSGIF.m */ = {isa = PBXFileReference; fileEncoding = 4; lastKnownFileType = sourcecode.c.objc; path = NSGIF.m; sourceTree = "<group>"; };
		449487EF1ED6CC1A00E140F8 /* video.mp4 */ = {isa = PBXFileReference; lastKnownFileType = file; path = video.mp4; sourceTree = "<group>"; };
/* End PBXFileReference section */

/* Begin PBXFrameworksBuildPhase section */
		4494879B1ED67F5200E140F8 /* Frameworks */ = {
			isa = PBXFrameworksBuildPhase;
			buildActionMask = 2147483647;
			files = (
				449487D81ED6800900E140F8 /* MobileCoreServices.framework in Frameworks */,
				449487D61ED67FF200E140F8 /* ImageIO.framework in Frameworks */,
			);
			runOnlyForDeploymentPostprocessing = 0;
		};
		449487B41ED67F5300E140F8 /* Frameworks */ = {
			isa = PBXFrameworksBuildPhase;
			buildActionMask = 2147483647;
			files = (
			);
			runOnlyForDeploymentPostprocessing = 0;
		};
		449487BF1ED67F5300E140F8 /* Frameworks */ = {
			isa = PBXFrameworksBuildPhase;
			buildActionMask = 2147483647;
			files = (
			);
			runOnlyForDeploymentPostprocessing = 0;
		};
/* End PBXFrameworksBuildPhase section */

/* Begin PBXGroup section */
		449487951ED67F5200E140F8 = {
			isa = PBXGroup;
			children = (
				449487A01ED67F5200E140F8 /* GIFDemo */,
				449487BA1ED67F5300E140F8 /* GIFDemoTests */,
				449487C51ED67F5300E140F8 /* GIFDemoUITests */,
				4494879F1ED67F5200E140F8 /* Products */,
				449487D41ED67FF200E140F8 /* Frameworks */,
			);
			sourceTree = "<group>";
		};
		4494879F1ED67F5200E140F8 /* Products */ = {
			isa = PBXGroup;
			children = (
				4494879E1ED67F5200E140F8 /* GIFDemo.app */,
				449487B71ED67F5300E140F8 /* GIFDemoTests.xctest */,
				449487C21ED67F5300E140F8 /* GIFDemoUITests.xctest */,
			);
			name = Products;
			sourceTree = "<group>";
		};
		449487A01ED67F5200E140F8 /* GIFDemo */ = {
			isa = PBXGroup;
			children = (
				449487EC1ED6CC0600E140F8 /* NSGIF */,
				449487D91ED68B1400E140F8 /* clock */,
				449487A41ED67F5200E140F8 /* AppDelegate.h */,
				449487A51ED67F5200E140F8 /* AppDelegate.m */,
				449487A71ED67F5200E140F8 /* ViewController.h */,
				449487A81ED67F5200E140F8 /* ViewController.m */,
				449487E91ED6A5A700E140F8 /* GifView.h */,
				449487EA1ED6A5A700E140F8 /* GifView.m */,
				449487E61ED68D0A00E140F8 /* UIImage+GIF.h */,
				449487E71ED68D0A00E140F8 /* UIImage+GIF.m */,
				449487AA1ED67F5200E140F8 /* Main.storyboard */,
				449487AD1ED67F5200E140F8 /* Assets.xcassets */,
				449487AF1ED67F5200E140F8 /* LaunchScreen.storyboard */,
				449487B21ED67F5200E140F8 /* Info.plist */,
				449487A11ED67F5200E140F8 /* Supporting Files */,
			);
			path = GIFDemo;
			sourceTree = "<group>";
		};
		449487A11ED67F5200E140F8 /* Supporting Files */ = {
			isa = PBXGroup;
			children = (
				449487A21ED67F5200E140F8 /* main.m */,
			);
			name = "Supporting Files";
			sourceTree = "<group>";
		};
		449487BA1ED67F5300E140F8 /* GIFDemoTests */ = {
			isa = PBXGroup;
			children = (
				449487BB1ED67F5300E140F8 /* GIFDemoTests.m */,
				449487BD1ED67F5300E140F8 /* Info.plist */,
			);
			path = GIFDemoTests;
			sourceTree = "<group>";
		};
		449487C51ED67F5300E140F8 /* GIFDemoUITests */ = {
			isa = PBXGroup;
			children = (
				449487C61ED67F5300E140F8 /* GIFDemoUITests.m */,
				449487C81ED67F5300E140F8 /* Info.plist */,
			);
			path = GIFDemoUITests;
			sourceTree = "<group>";
		};
		449487D41ED67FF200E140F8 /* Frameworks */ = {
			isa = PBXGroup;
			children = (
				449487D71ED6800900E140F8 /* MobileCoreServices.framework */,
				449487D51ED67FF200E140F8 /* ImageIO.framework */,
			);
			name = Frameworks;
			sourceTree = "<group>";
		};
		449487D91ED68B1400E140F8 /* clock */ = {
			isa = PBXGroup;
			children = (
				449487DA1ED68B1400E140F8 /* clock01.png */,
				449487DB1ED68B1400E140F8 /* clock02.png */,
				449487DC1ED68B1400E140F8 /* clock03.png */,
				449487DD1ED68B1400E140F8 /* clock04.png */,
				449487DE1ED68B1400E140F8 /* clock05.png */,
				449487DF1ED68B1400E140F8 /* clock06.png */,
			);
			path = clock;
			sourceTree = "<group>";
		};
		449487EC1ED6CC0600E140F8 /* NSGIF */ = {
			isa = PBXGroup;
			children = (
				449487ED1ED6CC1A00E140F8 /* NSGIF.h */,
				449487EE1ED6CC1A00E140F8 /* NSGIF.m */,
				449487EF1ED6CC1A00E140F8 /* video.mp4 */,
			);
			name = NSGIF;
			sourceTree = "<group>";
		};
/* End PBXGroup section */

/* Begin PBXNativeTarget section */
		4494879D1ED67F5200E140F8 /* GIFDemo */ = {
			isa = PBXNativeTarget;
			buildConfigurationList = 449487CB1ED67F5300E140F8 /* Build configuration list for PBXNativeTarget "GIFDemo" */;
			buildPhases = (
				4494879A1ED67F5200E140F8 /* Sources */,
				4494879B1ED67F5200E140F8 /* Frameworks */,
				4494879C1ED67F5200E140F8 /* Resources */,
			);
			buildRules = (
			);
			dependencies = (
			);
			name = GIFDemo;
			productName = GIFDemo;
			productReference = 4494879E1ED67F5200E140F8 /* GIFDemo.app */;
			productType = "com.apple.product-type.application";
		};
		449487B61ED67F5300E140F8 /* GIFDemoTests */ = {
			isa = PBXNativeTarget;
			buildConfigurationList = 449487CE1ED67F5300E140F8 /* Build configuration list for PBXNativeTarget "GIFDemoTests" */;
			buildPhases = (
				449487B31ED67F5300E140F8 /* Sources */,
				449487B41ED67F5300E140F8 /* Frameworks */,
				449487B51ED67F5300E140F8 /* Resources */,
			);
			buildRules = (
			);
			dependencies = (
				449487B91ED67F5300E140F8 /* PBXTargetDependency */,
			);
			name = GIFDemoTests;
			productName = GIFDemoTests;
			productReference = 449487B71ED67F5300E140F8 /* GIFDemoTests.xctest */;
			productType = "com.apple.product-type.bundle.unit-test";
		};
		449487C11ED67F5300E140F8 /* GIFDemoUITests */ = {
			isa = PBXNativeTarget;
			buildConfigurationList = 449487D11ED67F5300E140F8 /* Build configuration list for PBXNativeTarget "GIFDemoUITests" */;
			buildPhases = (
				449487BE1ED67F5300E140F8 /* Sources */,
				449487BF1ED67F5300E140F8 /* Frameworks */,
				449487C01ED67F5300E140F8 /* Resources */,
			);
			buildRules = (
			);
			dependencies = (
				449487C41ED67F5300E140F8 /* PBXTargetDependency */,
			);
			name = GIFDemoUITests;
			productName = GIFDemoUITests;
			productReference = 449487C21ED67F5300E140F8 /* GIFDemoUITests.xctest */;
			productType = "com.apple.product-type.bundle.ui-testing";
		};
/* End PBXNativeTarget section */

/* Begin PBXProject section */
		449487961ED67F5200E140F8 /* Project object */ = {
			isa = PBXProject;
			attributes = {
				LastUpgradeCheck = 0830;
				ORGANIZATIONNAME = "Xu Chen";
				TargetAttributes = {
					4494879D1ED67F5200E140F8 = {
						CreatedOnToolsVersion = 8.3.2;
						DevelopmentTeam = C74GJQS7VJ;
						ProvisioningStyle = Automatic;
					};
					449487B61ED67F5300E140F8 = {
						CreatedOnToolsVersion = 8.3.2;
						DevelopmentTeam = C74GJQS7VJ;
						ProvisioningStyle = Automatic;
						TestTargetID = 4494879D1ED67F5200E140F8;
					};
					449487C11ED67F5300E140F8 = {
						CreatedOnToolsVersion = 8.3.2;
						DevelopmentTeam = C74GJQS7VJ;
						ProvisioningStyle = Automatic;
						TestTargetID = 4494879D1ED67F5200E140F8;
					};
				};
			};
			buildConfigurationList = 449487991ED67F5200E140F8 /* Build configuration list for PBXProject "GIFDemo" */;
			compatibilityVersion = "Xcode 3.2";
			developmentRegion = English;
			hasScannedForEncodings = 0;
			knownRegions = (
				en,
				Base,
			);
			mainGroup = 449487951ED67F5200E140F8;
			productRefGroup = 4494879F1ED67F5200E140F8 /* Products */;
			projectDirPath = "";
			projectRoot = "";
			targets = (
				4494879D1ED67F5200E140F8 /* GIFDemo */,
				449487B61ED67F5300E140F8 /* GIFDemoTests */,
				449487C11ED67F5300E140F8 /* GIFDemoUITests */,
			);
		};
/* End PBXProject section */

/* Begin PBXResourcesBuildPhase section */
		4494879C1ED67F5200E140F8 /* Resources */ = {
			isa = PBXResourcesBuildPhase;
			buildActionMask = 2147483647;
			files = (
				449487B11ED67F5200E140F8 /* LaunchScreen.storyboard in Resources */,
				449487F11ED6CC1A00E140F8 /* video.mp4 in Resources */,
				449487E21ED68B1400E140F8 /* clock03.png in Resources */,
				449487AE1ED67F5200E140F8 /* Assets.xcassets in Resources */,
				449487AC1ED67F5200E140F8 /* Main.storyboard in Resources */,
				449487E51ED68B1400E140F8 /* clock06.png in Resources */,
				449487E11ED68B1400E140F8 /* clock02.png in Resources */,
				449487E01ED68B1400E140F8 /* clock01.png in Resources */,
				449487E31ED68B1400E140F8 /* clock04.png in Resources */,
				449487E41ED68B1400E140F8 /* clock05.png in Resources */,
			);
			runOnlyForDeploymentPostprocessing = 0;
		};
		449487B51ED67F5300E140F8 /* Resources */ = {
			isa = PBXResourcesBuildPhase;
			buildActionMask = 2147483647;
			files = (
			);
			runOnlyForDeploymentPostprocessing = 0;
		};
		449487C01ED67F5300E140F8 /* Resources */ = {
			isa = PBXResourcesBuildPhase;
			buildActionMask = 2147483647;
			files = (
			);
			runOnlyForDeploymentPostprocessing = 0;
		};
/* End PBXResourcesBuildPhase section */

/* Begin PBXSourcesBuildPhase section */
		4494879A1ED67F5200E140F8 /* Sources */ = {
			isa = PBXSourcesBuildPhase;
			buildActionMask = 2147483647;
			files = (
				449487A91ED67F5200E140F8 /* ViewController.m in Sources */,
				449487A61ED67F5200E140F8 /* AppDelegate.m in Sources */,
				449487E81ED68D0A00E140F8 /* UIImage+GIF.m in Sources */,
				449487F01ED6CC1A00E140F8 /* NSGIF.m in Sources */,
				449487EB1ED6A5A700E140F8 /* GifView.m in Sources */,
				449487A31ED67F5200E140F8 /* main.m in Sources */,
			);
			runOnlyForDeploymentPostprocessing = 0;
		};
		449487B31ED67F5300E140F8 /* Sources */ = {
			isa = PBXSourcesBuildPhase;
			buildActionMask = 2147483647;
			files = (
				449487BC1ED67F5300E140F8 /* GIFDemoTests.m in Sources */,
			);
			runOnlyForDeploymentPostprocessing = 0;
		};
		449487BE1ED67F5300E140F8 /* Sources */ = {
			isa = PBXSourcesBuildPhase;
			buildActionMask = 2147483647;
			files = (
				449487C71ED67F5300E140F8 /* GIFDemoUITests.m in Sources */,
			);
			runOnlyForDeploymentPostprocessing = 0;
		};
/* End PBXSourcesBuildPhase section */

/* Begin PBXTargetDependency section */
		449487B91ED67F5300E140F8 /* PBXTargetDependency */ = {
			isa = PBXTargetDependency;
			target = 4494879D1ED67F5200E140F8 /* GIFDemo */;
			targetProxy = 449487B81ED67F5300E140F8 /* PBXContainerItemProxy */;
		};
		449487C41ED67F5300E140F8 /* PBXTargetDependency */ = {
			isa = PBXTargetDependency;
			target = 4494879D1ED67F5200E140F8 /* GIFDemo */;
			targetProxy = 449487C31ED67F5300E140F8 /* PBXContainerItemProxy */;
		};
/* End PBXTargetDependency section */

/* Begin PBXVariantGroup section */
		449487AA1ED67F5200E140F8 /* Main.storyboard */ = {
			isa = PBXVariantGroup;
			children = (
				449487AB1ED67F5200E140F8 /* Base */,
			);
			name = Main.storyboard;
			sourceTree = "<group>";
		};
		449487AF1ED67F5200E140F8 /* LaunchScreen.storyboard */ = {
			isa = PBXVariantGroup;
			children = (
				449487B01ED67F5200E140F8 /* Base */,
			);
			name = LaunchScreen.storyboard;
			sourceTree = "<group>";
		};
/* End PBXVariantGroup section */

/* Begin XCBuildConfiguration section */
		449487C91ED67F5300E140F8 /* Debug */ = {
			isa = XCBuildConfiguration;
			buildSettings = {
				ALWAYS_SEARCH_USER_PATHS = NO;
				CLANG_ANALYZER_NONNULL = YES;
				CLANG_ANALYZER_NUMBER_OBJECT_CONVERSION = YES_AGGRESSIVE;
				CLANG_CXX_LANGUAGE_STANDARD = "gnu++0x";
				CLANG_CXX_LIBRARY = "libc++";
				CLANG_ENABLE_MODULES = YES;
				CLANG_ENABLE_OBJC_ARC = YES;
				CLANG_WARN_BOOL_CONVERSION = YES;
				CLANG_WARN_CONSTANT_CONVERSION = YES;
				CLANG_WARN_DIRECT_OBJC_ISA_USAGE = YES_ERROR;
				CLANG_WARN_DOCUMENTATION_COMMENTS = YES;
				CLANG_WARN_EMPTY_BODY = YES;
				CLANG_WARN_ENUM_CONVERSION = YES;
				CLANG_WARN_INFINITE_RECURSION = YES;
				CLANG_WARN_INT_CONVERSION = YES;
				CLANG_WARN_OBJC_ROOT_CLASS = YES_ERROR;
				CLANG_WARN_SUSPICIOUS_MOVE = YES;
				CLANG_WARN_UNREACHABLE_CODE = YES;
				CLANG_WARN__DUPLICATE_METHOD_MATCH = YES;
				"CODE_SIGN_IDENTITY[sdk=iphoneos*]" = "iPhone Developer";
				COPY_PHASE_STRIP = NO;
				DEBUG_INFORMATION_FORMAT = dwarf;
				ENABLE_STRICT_OBJC_MSGSEND = YES;
				ENABLE_TESTABILITY = YES;
				GCC_C_LANGUAGE_STANDARD = gnu99;
				GCC_DYNAMIC_NO_PIC = NO;
				GCC_NO_COMMON_BLOCKS = YES;
				GCC_OPTIMIZATION_LEVEL = 0;
				GCC_PREPROCESSOR_DEFINITIONS = (
					"DEBUG=1",
					"$(inherited)",
				);
				GCC_WARN_64_TO_32_BIT_CONVERSION = YES;
				GCC_WARN_ABOUT_RETURN_TYPE = YES_ERROR;
				GCC_WARN_UNDECLARED_SELECTOR = YES;
				GCC_WARN_UNINITIALIZED_AUTOS = YES_AGGRESSIVE;
				GCC_WARN_UNUSED_FUNCTION = YES;
				GCC_WARN_UNUSED_VARIABLE = YES;
				IPHONEOS_DEPLOYMENT_TARGET = 10.3;
				MTL_ENABLE_DEBUG_INFO = YES;
				ONLY_ACTIVE_ARCH = YES;
				SDKROOT = iphoneos;
			};
			name = Debug;
		};
		449487CA1ED67F5300E140F8 /* Release */ = {
			isa = XCBuildConfiguration;
			buildSettings = {
				ALWAYS_SEARCH_USER_PATHS = NO;
				CLANG_ANALYZER_NONNULL = YES;
				CLANG_ANALYZER_NUMBER_OBJECT_CONVERSION = YES_AGGRESSIVE;
				CLANG_CXX_LANGUAGE_STANDARD = "gnu++0x";
				CLANG_CXX_LIBRARY = "libc++";
				CLANG_ENABLE_MODULES = YES;
				CLANG_ENABLE_OBJC_ARC = YES;
				CLANG_WARN_BOOL_CONVERSION = YES;
				CLANG_WARN_CONSTANT_CONVERSION = YES;
				CLANG_WARN_DIRECT_OBJC_ISA_USAGE = YES_ERROR;
				CLANG_WARN_DOCUMENTATION_COMMENTS = YES;
				CLANG_WARN_EMPTY_BODY = YES;
				CLANG_WARN_ENUM_CONVERSION = YES;
				CLANG_WARN_INFINITE_RECURSION = YES;
				CLANG_WARN_INT_CONVERSION = YES;
				CLANG_WARN_OBJC_ROOT_CLASS = YES_ERROR;
				CLANG_WARN_SUSPICIOUS_MOVE = YES;
				CLANG_WARN_UNREACHABLE_CODE = YES;
				CLANG_WARN__DUPLICATE_METHOD_MATCH = YES;
				"CODE_SIGN_IDENTITY[sdk=iphoneos*]" = "iPhone Developer";
				COPY_PHASE_STRIP = NO;
				DEBUG_INFORMATION_FORMAT = "dwarf-with-dsym";
				ENABLE_NS_ASSERTIONS = NO;
				ENABLE_STRICT_OBJC_MSGSEND = YES;
				GCC_C_LANGUAGE_STANDARD = gnu99;
				GCC_NO_COMMON_BLOCKS = YES;
				GCC_WARN_64_TO_32_BIT_CONVERSION = YES;
				GCC_WARN_ABOUT_RETURN_TYPE = YES_ERROR;
				GCC_WARN_UNDECLARED_SELECTOR = YES;
				GCC_WARN_UNINITIALIZED_AUTOS = YES_AGGRESSIVE;
				GCC_WARN_UNUSED_FUNCTION = YES;
				GCC_WARN_UNUSED_VARIABLE = YES;
				IPHONEOS_DEPLOYMENT_TARGET = 10.3;
				MTL_ENABLE_DEBUG_INFO = NO;
				SDKROOT = iphoneos;
				VALIDATE_PRODUCT = YES;
			};
			name = Release;
		};
		449487CC1ED67F5300E140F8 /* Debug */ = {
			isa = XCBuildConfiguration;
			buildSettings = {
				ASSETCATALOG_COMPILER_APPICON_NAME = AppIcon;
				DEVELOPMENT_TEAM = C74GJQS7VJ;
				INFOPLIST_FILE = GIFDemo/Info.plist;
				IPHONEOS_DEPLOYMENT_TARGET = 8.0;
				LD_RUNPATH_SEARCH_PATHS = "$(inherited) @executable_path/Frameworks";
				PRODUCT_BUNDLE_IDENTIFIER = demo.GIFDemo;
				PRODUCT_NAME = "$(TARGET_NAME)";
			};
			name = Debug;
		};
		449487CD1ED67F5300E140F8 /* Release */ = {
			isa = XCBuildConfiguration;
			buildSettings = {
				ASSETCATALOG_COMPILER_APPICON_NAME = AppIcon;
				DEVELOPMENT_TEAM = C74GJQS7VJ;
				INFOPLIST_FILE = GIFDemo/Info.plist;
				IPHONEOS_DEPLOYMENT_TARGET = 8.0;
				LD_RUNPATH_SEARCH_PATHS = "$(inherited) @executable_path/Frameworks";
				PRODUCT_BUNDLE_IDENTIFIER = demo.GIFDemo;
				PRODUCT_NAME = "$(TARGET_NAME)";
			};
			name = Release;
		};
		449487CF1ED67F5300E140F8 /* Debug */ = {
			isa = XCBuildConfiguration;
			buildSettings = {
				BUNDLE_LOADER = "$(TEST_HOST)";
				DEVELOPMENT_TEAM = C74GJQS7VJ;
				INFOPLIST_FILE = GIFDemoTests/Info.plist;
				LD_RUNPATH_SEARCH_PATHS = "$(inherited) @executable_path/Frameworks @loader_path/Frameworks";
				PRODUCT_BUNDLE_IDENTIFIER = demo.GIFDemoTests;
				PRODUCT_NAME = "$(TARGET_NAME)";
				TEST_HOST = "$(BUILT_PRODUCTS_DIR)/GIFDemo.app/GIFDemo";
			};
			name = Debug;
		};
		449487D01ED67F5300E140F8 /* Release */ = {
			isa = XCBuildConfiguration;
			buildSettings = {
				BUNDLE_LOADER = "$(TEST_HOST)";
				DEVELOPMENT_TEAM = C74GJQS7VJ;
				INFOPLIST_FILE = GIFDemoTests/Info.plist;
				LD_RUNPATH_SEARCH_PATHS = "$(inherited) @executable_path/Frameworks @loader_path/Frameworks";
				PRODUCT_BUNDLE_IDENTIFIER = demo.GIFDemoTests;
				PRODUCT_NAME = "$(TARGET_NAME)";
				TEST_HOST = "$(BUILT_PRODUCTS_DIR)/GIFDemo.app/GIFDemo";
			};
			name = Release;
		};
		449487D21ED67F5300E140F8 /* Debug */ = {
			isa = XCBuildConfiguration;
			buildSettings = {
				DEVELOPMENT_TEAM = C74GJQS7VJ;
				INFOPLIST_FILE = GIFDemoUITests/Info.plist;
				LD_RUNPATH_SEARCH_PATHS = "$(inherited) @executable_path/Frameworks @loader_path/Frameworks";
				PRODUCT_BUNDLE_IDENTIFIER = demo.GIFDemoUITests;
				PRODUCT_NAME = "$(TARGET_NAME)";
				TEST_TARGET_NAME = GIFDemo;
			};
			name = Debug;
		};
		449487D31ED67F5300E140F8 /* Release */ = {
			isa = XCBuildConfiguration;
			buildSettings = {
				DEVELOPMENT_TEAM = C74GJQS7VJ;
				INFOPLIST_FILE = GIFDemoUITests/Info.plist;
				LD_RUNPATH_SEARCH_PATHS = "$(inherited) @executable_path/Frameworks @loader_path/Frameworks";
				PRODUCT_BUNDLE_IDENTIFIER = demo.GIFDemoUITests;
				PRODUCT_NAME = "$(TARGET_NAME)";
				TEST_TARGET_NAME = GIFDemo;
			};
			name = Release;
		};
/* End XCBuildConfiguration section */

/* Begin XCConfigurationList section */
		449487991ED67F5200E140F8 /* Build configuration list for PBXProject "GIFDemo" */ = {
			isa = XCConfigurationList;
			buildConfigurations = (
				449487C91ED67F5300E140F8 /* Debug */,
				449487CA1ED67F5300E140F8 /* Release */,
			);
			defaultConfigurationIsVisible = 0;
			defaultConfigurationName = Release;
		};
		449487CB1ED67F5300E140F8 /* Build configuration list for PBXNativeTarget "GIFDemo" */ = {
			isa = XCConfigurationList;
			buildConfigurations = (
				449487CC1ED67F5300E140F8 /* Debug */,
				449487CD1ED67F5300E140F8 /* Release */,
			);
			defaultConfigurationIsVisible = 0;
		};
		449487CE1ED67F5300E140F8 /* Build configuration list for PBXNativeTarget "GIFDemoTests" */ = {
			isa = XCConfigurationList;
			buildConfigurations = (
				449487CF1ED67F5300E140F8 /* Debug */,
				449487D01ED67F5300E140F8 /* Release */,
			);
			defaultConfigurationIsVisible = 0;
		};
		449487D11ED67F5300E140F8 /* Build configuration list for PBXNativeTarget "GIFDemoUITests" */ = {
			isa = XCConfigurationList;
			buildConfigurations = (
				449487D21ED67F5300E140F8 /* Debug */,
				449487D31ED67F5300E140F8 /* Release */,
			);
			defaultConfigurationIsVisible = 0;
		};
/* End XCConfigurationList section */
	};
	rootObject = 449487961ED67F5200E140F8 /* Project object */;
}
